
Microsoft Visual Studio Solution File, Format Version 12.00
Project("{FAE04EC0-301F-11D3-BF4B-00C04F79EFBC}") = "FoodDeliveryApi", "FoodDeliveryApi\FoodDeliveryApi.csproj", "{8F760375-6A9D-4370-8392-DE2D911AAC0A}"
EndProject
Global
	GlobalSection(SolutionConfigurationPlatforms) = preSolution
		Debug|Any CPU = Debug|Any CPU
		Release|Any CPU = Release|Any CPU
	EndGlobalSection
	GlobalSection(ProjectConfigurationPlatforms) = postSolution
		{8F760375-6A9D-4370-8392-DE2D911AAC0A}.Debug|Any CPU.ActiveCfg = Debug|Any CPU
		{8F760375-6A9D-4370-8392-DE2D911AAC0A}.Debug|Any CPU.Build.0 = Debug|Any CPU
		{8F760375-6A9D-4370-8392-DE2D911AAC0A}.Release|Any CPU.ActiveCfg = Release|Any CPU
		{8F760375-6A9D-4370-8392-DE2D911AAC0A}.Release|Any CPU.Build.0 = Release|Any CPU
	EndGlobalSection
	GlobalSection(NestedProjects) = preSolution
	EndGlobalSection
EndGlobal
